
Microsoft Visual Studio Solution File, Format Version 12.00
# Visual Studio Version 17
VisualStudioVersion = 17.3.32901.215
MinimumVisualStudioVersion = 10.0.40219.1
Project("{FAE04EC0-301F-11D3-BF4B-00C04F79EFBC}") = "Kysect.MazeGenerator", "Kysect.MazeGenerator\Kysect.MazeGenerator.csproj", "{1E739B21-1086-40DB-83EB-E9A44CE66169}"
EndProject
Global
	GlobalSection(SolutionConfigurationPlatforms) = preSolution
		Debug|Any CPU = Debug|Any CPU
		Release|Any CPU = Release|Any CPU
	EndGlobalSection
	GlobalSection(ProjectConfigurationPlatforms) = postSolution
		{1E739B21-1086-40DB-83EB-E9A44CE66169}.Debug|Any CPU.ActiveCfg = Debug|Any CPU
		{1E739B21-1086-40DB-83EB-E9A44CE66169}.Debug|Any CPU.Build.0 = Debug|Any CPU
		{1E739B21-1086-40DB-83EB-E9A44CE66169}.Release|Any CPU.ActiveCfg = Release|Any CPU
		{1E739B21-1086-40DB-83EB-E9A44CE66169}.Release|Any CPU.Build.0 = Release|Any CPU
	EndGlobalSection
	GlobalSection(SolutionProperties) = preSolution
		HideSolutionNode = FALSE
	EndGlobalSection
	GlobalSection(ExtensibilityGlobals) = postSolution
		SolutionGuid = {B8DD6FCE-7412-4A23-8953-294A0E3A51B0}
	EndGlobalSection
EndGlobal
